// !$*UTF8*$!
{
	archiveVersion = 1;
	classes = {
	};
	objectVersion = 50;
	objects = {

/* Begin PBXBuildFile section */
		724601B920D13890000F0BDA /* AppDelegate.swift in Sources */ = {isa = PBXBuildFile; fileRef = 724601B820D13890000F0BDA /* AppDelegate.swift */; };
		724601C020D13892000F0BDA /* Assets.xcassets in Resources */ = {isa = PBXBuildFile; fileRef = 724601BF20D13892000F0BDA /* Assets.xcassets */; };
		724601C320D13892000F0BDA /* LaunchScreen.storyboard in Resources */ = {isa = PBXBuildFile; fileRef = 724601C120D13892000F0BDA /* LaunchScreen.storyboard */; };
		724601CE20D13892000F0BDA /* StylesAndOptionsUITests.swift in Sources */ = {isa = PBXBuildFile; fileRef = 724601CD20D13892000F0BDA /* StylesAndOptionsUITests.swift */; };
		724601DD20D138DE000F0BDA /* ChooseOptions.swift in Sources */ = {isa = PBXBuildFile; fileRef = 724601D820D138DE000F0BDA /* ChooseOptions.swift */; };
		724601DE20D138DE000F0BDA /* AppFlow.swift in Sources */ = {isa = PBXBuildFile; fileRef = 724601D920D138DE000F0BDA /* AppFlow.swift */; };
		724601DF20D138DE000F0BDA /* TableViewControllerUtilities.swift in Sources */ = {isa = PBXBuildFile; fileRef = 724601DA20D138DE000F0BDA /* TableViewControllerUtilities.swift */; };
		724601E020D138DE000F0BDA /* ChooseStyle.swift in Sources */ = {isa = PBXBuildFile; fileRef = 724601DB20D138DE000F0BDA /* ChooseStyle.swift */; };
		724601E120D138DE000F0BDA /* Utilities.swift in Sources */ = {isa = PBXBuildFile; fileRef = 724601DC20D138DE000F0BDA /* Utilities.swift */; };
/* End PBXBuildFile section */

/* Begin PBXContainerItemProxy section */
		724601CA20D13892000F0BDA /* PBXContainerItemProxy */ = {
			isa = PBXContainerItemProxy;
			containerPortal = 724601AD20D13890000F0BDA /* Project object */;
			proxyType = 1;
			remoteGlobalIDString = 724601B420D13890000F0BDA;
			remoteInfo = StylesAndOptions;
		};
/* End PBXContainerItemProxy section */

/* Begin PBXFileReference section */
		724601B520D13890000F0BDA /* StylesAndOptions.app */ = {isa = PBXFileReference; explicitFileType = wrapper.application; includeInIndex = 0; path = StylesAndOptions.app; sourceTree = BUILT_PRODUCTS_DIR; };
		724601B820D13890000F0BDA /* AppDelegate.swift */ = {isa = PBXFileReference; lastKnownFileType = sourcecode.swift; path = AppDelegate.swift; sourceTree = "<group>"; };
		724601BF20D13892000F0BDA /* Assets.xcassets */ = {isa = PBXFileReference; lastKnownFileType = folder.assetcatalog; path = Assets.xcassets; sourceTree = "<group>"; };
		724601C220D13892000F0BDA /* Base */ = {isa = PBXFileReference; lastKnownFileType = file.storyboard; name = Base; path = Base.lproj/LaunchScreen.storyboard; sourceTree = "<group>"; };
		724601C420D13892000F0BDA /* Info.plist */ = {isa = PBXFileReference; lastKnownFileType = text.plist.xml; path = Info.plist; sourceTree = "<group>"; };
		724601C920D13892000F0BDA /* StylesAndOptionsUITests.xctest */ = {isa = PBXFileReference; explicitFileType = wrapper.cfbundle; includeInIndex = 0; path = StylesAndOptionsUITests.xctest; sourceTree = BUILT_PRODUCTS_DIR; };
		724601CD20D13892000F0BDA /* StylesAndOptionsUITests.swift */ = {isa = PBXFileReference; lastKnownFileType = sourcecode.swift; path = StylesAndOptionsUITests.swift; sourceTree = "<group>"; };
		724601CF20D13892000F0BDA /* Info.plist */ = {isa = PBXFileReference; lastKnownFileType = text.plist.xml; path = Info.plist; sourceTree = "<group>"; };
		724601D820D138DE000F0BDA /* ChooseOptions.swift */ = {isa = PBXFileReference; fileEncoding = 4; lastKnownFileType = sourcecode.swift; path = ChooseOptions.swift; sourceTree = "<group>"; };
		724601D920D138DE000F0BDA /* AppFlow.swift */ = {isa = PBXFileReference; fileEncoding = 4; lastKnownFileType = sourcecode.swift; path = AppFlow.swift; sourceTree = "<group>"; };
		724601DA20D138DE000F0BDA /* TableViewControllerUtilities.swift */ = {isa = PBXFileReference; fileEncoding = 4; lastKnownFileType = sourcecode.swift; path = TableViewControllerUtilities.swift; sourceTree = "<group>"; };
		724601DB20D138DE000F0BDA /* ChooseStyle.swift */ = {isa = PBXFileReference; fileEncoding = 4; lastKnownFileType = sourcecode.swift; path = ChooseStyle.swift; sourceTree = "<group>"; };
		724601DC20D138DE000F0BDA /* Utilities.swift */ = {isa = PBXFileReference; fileEncoding = 4; lastKnownFileType = sourcecode.swift; path = Utilities.swift; sourceTree = "<group>"; };
/* End PBXFileReference section */

/* Begin PBXFrameworksBuildPhase section */
		724601B220D13890000F0BDA /* Frameworks */ = {
			isa = PBXFrameworksBuildPhase;
			buildActionMask = 2147483647;
			files = (
			);
			runOnlyForDeploymentPostprocessing = 0;
		};
		724601C620D13892000F0BDA /* Frameworks */ = {
			isa = PBXFrameworksBuildPhase;
			buildActionMask = 2147483647;
			files = (
			);
			runOnlyForDeploymentPostprocessing = 0;
		};
/* End PBXFrameworksBuildPhase section */

/* Begin PBXGroup section */
		724601AC20D13890000F0BDA = {
			isa = PBXGroup;
			children = (
				724601B720D13890000F0BDA /* StylesAndOptions */,
				724601CC20D13892000F0BDA /* StylesAndOptionsUITests */,
				724601B620D13890000F0BDA /* Products */,
			);
			sourceTree = "<group>";
		};
		724601B620D13890000F0BDA /* Products */ = {
			isa = PBXGroup;
			children = (
				724601B520D13890000F0BDA /* StylesAndOptions.app */,
				724601C920D13892000F0BDA /* StylesAndOptionsUITests.xctest */,
			);
			name = Products;
			sourceTree = "<group>";
		};
		724601B720D13890000F0BDA /* StylesAndOptions */ = {
			isa = PBXGroup;
			children = (
				724601B820D13890000F0BDA /* AppDelegate.swift */,
				724601D920D138DE000F0BDA /* AppFlow.swift */,
				724601DB20D138DE000F0BDA /* ChooseStyle.swift */,
				724601D820D138DE000F0BDA /* ChooseOptions.swift */,
				724601DA20D138DE000F0BDA /* TableViewControllerUtilities.swift */,
				724601DC20D138DE000F0BDA /* Utilities.swift */,
				724601BF20D13892000F0BDA /* Assets.xcassets */,
				724601C120D13892000F0BDA /* LaunchScreen.storyboard */,
				724601C420D13892000F0BDA /* Info.plist */,
			);
			path = StylesAndOptions;
			sourceTree = "<group>";
		};
		724601CC20D13892000F0BDA /* StylesAndOptionsUITests */ = {
			isa = PBXGroup;
			children = (
				724601CD20D13892000F0BDA /* StylesAndOptionsUITests.swift */,
				724601CF20D13892000F0BDA /* Info.plist */,
			);
			path = StylesAndOptionsUITests;
			sourceTree = "<group>";
		};
/* End PBXGroup section */

/* Begin PBXNativeTarget section */
		724601B420D13890000F0BDA /* StylesAndOptions */ = {
			isa = PBXNativeTarget;
			buildConfigurationList = 724601D220D13892000F0BDA /* Build configuration list for PBXNativeTarget "StylesAndOptions" */;
			buildPhases = (
				724601B120D13890000F0BDA /* Sources */,
				724601B220D13890000F0BDA /* Frameworks */,
				724601B320D13890000F0BDA /* Resources */,
			);
			buildRules = (
			);
			dependencies = (
			);
			name = StylesAndOptions;
			productName = StylesAndOptions;
			productReference = 724601B520D13890000F0BDA /* StylesAndOptions.app */;
			productType = "com.apple.product-type.application";
		};
		724601C820D13892000F0BDA /* StylesAndOptionsUITests */ = {
			isa = PBXNativeTarget;
			buildConfigurationList = 724601D520D13892000F0BDA /* Build configuration list for PBXNativeTarget "StylesAndOptionsUITests" */;
			buildPhases = (
				724601C520D13892000F0BDA /* Sources */,
				724601C620D13892000F0BDA /* Frameworks */,
				724601C720D13892000F0BDA /* Resources */,
			);
			buildRules = (
			);
			dependencies = (
				724601CB20D13892000F0BDA /* PBXTargetDependency */,
			);
			name = StylesAndOptionsUITests;
			productName = StylesAndOptionsUITests;
			productReference = 724601C920D13892000F0BDA /* StylesAndOptionsUITests.xctest */;
			productType = "com.apple.product-type.bundle.ui-testing";
		};
/* End PBXNativeTarget section */

/* Begin PBXProject section */
		724601AD20D13890000F0BDA /* Project object */ = {
			isa = PBXProject;
			attributes = {
				LastSwiftUpdateCheck = 0930;
				LastUpgradeCheck = 0930;
				ORGANIZATIONNAME = iZettle;
				TargetAttributes = {
					724601B420D13890000F0BDA = {
						CreatedOnToolsVersion = 9.3;
					};
					724601C820D13892000F0BDA = {
						CreatedOnToolsVersion = 9.3;
						TestTargetID = 724601B420D13890000F0BDA;
					};
				};
			};
			buildConfigurationList = 724601B020D13890000F0BDA /* Build configuration list for PBXProject "StylesAndOptions" */;
			compatibilityVersion = "Xcode 9.3";
			developmentRegion = en;
			hasScannedForEncodings = 0;
			knownRegions = (
				en,
				Base,
			);
			mainGroup = 724601AC20D13890000F0BDA;
			productRefGroup = 724601B620D13890000F0BDA /* Products */;
			projectDirPath = "";
			projectRoot = "";
			targets = (
				724601B420D13890000F0BDA /* StylesAndOptions */,
				724601C820D13892000F0BDA /* StylesAndOptionsUITests */,
			);
		};
/* End PBXProject section */

/* Begin PBXResourcesBuildPhase section */
		724601B320D13890000F0BDA /* Resources */ = {
			isa = PBXResourcesBuildPhase;
			buildActionMask = 2147483647;
			files = (
				724601C320D13892000F0BDA /* LaunchScreen.storyboard in Resources */,
				724601C020D13892000F0BDA /* Assets.xcassets in Resources */,
			);
			runOnlyForDeploymentPostprocessing = 0;
		};
		724601C720D13892000F0BDA /* Resources */ = {
			isa = PBXResourcesBuildPhase;
			buildActionMask = 2147483647;
			files = (
			);
			runOnlyForDeploymentPostprocessing = 0;
		};
/* End PBXResourcesBuildPhase section */

/* Begin PBXSourcesBuildPhase section */
		724601B120D13890000F0BDA /* Sources */ = {
			isa = PBXSourcesBuildPhase;
			buildActionMask = 2147483647;
			files = (
				724601E120D138DE000F0BDA /* Utilities.swift in Sources */,
				724601DF20D138DE000F0BDA /* TableViewControllerUtilities.swift in Sources */,
				724601E020D138DE000F0BDA /* ChooseStyle.swift in Sources */,
				724601B920D13890000F0BDA /* AppDelegate.swift in Sources */,
				724601DE20D138DE000F0BDA /* AppFlow.swift in Sources */,
				724601DD20D138DE000F0BDA /* ChooseOptions.swift in Sources */,
			);
			runOnlyForDeploymentPostprocessing = 0;
		};
		724601C520D13892000F0BDA /* Sources */ = {
			isa = PBXSourcesBuildPhase;
			buildActionMask = 2147483647;
			files = (
				724601CE20D13892000F0BDA /* StylesAndOptionsUITests.swift in Sources */,
			);
			runOnlyForDeploymentPostprocessing = 0;
		};
/* End PBXSourcesBuildPhase section */

/* Begin PBXTargetDependency section */
		724601CB20D13892000F0BDA /* PBXTargetDependency */ = {
			isa = PBXTargetDependency;
			target = 724601B420D13890000F0BDA /* StylesAndOptions */;
			targetProxy = 724601CA20D13892000F0BDA /* PBXContainerItemProxy */;
		};
/* End PBXTargetDependency section */

/* Begin PBXVariantGroup section */
		724601C120D13892000F0BDA /* LaunchScreen.storyboard */ = {
			isa = PBXVariantGroup;
			children = (
				724601C220D13892000F0BDA /* Base */,
			);
			name = LaunchScreen.storyboard;
			sourceTree = "<group>";
		};
/* End PBXVariantGroup section */

/* Begin XCBuildConfiguration section */
		724601D020D13892000F0BDA /* Debug */ = {
			isa = XCBuildConfiguration;
			buildSettings = {
				ALWAYS_SEARCH_USER_PATHS = NO;
				CLANG_ANALYZER_NONNULL = YES;
				CLANG_ANALYZER_NUMBER_OBJECT_CONVERSION = YES_AGGRESSIVE;
				CLANG_CXX_LANGUAGE_STANDARD = "gnu++14";
				CLANG_CXX_LIBRARY = "libc++";
				CLANG_ENABLE_MODULES = YES;
				CLANG_ENABLE_OBJC_ARC = YES;
				CLANG_ENABLE_OBJC_WEAK = YES;
				CLANG_WARN_BLOCK_CAPTURE_AUTORELEASING = YES;
				CLANG_WARN_BOOL_CONVERSION = YES;
				CLANG_WARN_COMMA = YES;
				CLANG_WARN_CONSTANT_CONVERSION = YES;
				CLANG_WARN_DEPRECATED_OBJC_IMPLEMENTATIONS = YES;
				CLANG_WARN_DIRECT_OBJC_ISA_USAGE = YES_ERROR;
				CLANG_WARN_DOCUMENTATION_COMMENTS = YES;
				CLANG_WARN_EMPTY_BODY = YES;
				CLANG_WARN_ENUM_CONVERSION = YES;
				CLANG_WARN_INFINITE_RECURSION = YES;
				CLANG_WARN_INT_CONVERSION = YES;
				CLANG_WARN_NON_LITERAL_NULL_CONVERSION = YES;
				CLANG_WARN_OBJC_IMPLICIT_RETAIN_SELF = YES;
				CLANG_WARN_OBJC_LITERAL_CONVERSION = YES;
				CLANG_WARN_OBJC_ROOT_CLASS = YES_ERROR;
				CLANG_WARN_RANGE_LOOP_ANALYSIS = YES;
				CLANG_WARN_STRICT_PROTOTYPES = YES;
				CLANG_WARN_SUSPICIOUS_MOVE = YES;
				CLANG_WARN_UNGUARDED_AVAILABILITY = YES_AGGRESSIVE;
				CLANG_WARN_UNREACHABLE_CODE = YES;
				CLANG_WARN__DUPLICATE_METHOD_MATCH = YES;
				CODE_SIGN_IDENTITY = "iPhone Developer";
				COPY_PHASE_STRIP = NO;
				DEBUG_INFORMATION_FORMAT = dwarf;
				ENABLE_STRICT_OBJC_MSGSEND = YES;
				ENABLE_TESTABILITY = YES;
				GCC_C_LANGUAGE_STANDARD = gnu11;
				GCC_DYNAMIC_NO_PIC = NO;
				GCC_NO_COMMON_BLOCKS = YES;
				GCC_OPTIMIZATION_LEVEL = 0;
				GCC_PREPROCESSOR_DEFINITIONS = (
					"DEBUG=1",
					"$(inherited)",
				);
				GCC_WARN_64_TO_32_BIT_CONVERSION = YES;
				GCC_WARN_ABOUT_RETURN_TYPE = YES_ERROR;
				GCC_WARN_UNDECLARED_SELECTOR = YES;
				GCC_WARN_UNINITIALIZED_AUTOS = YES_AGGRESSIVE;
				GCC_WARN_UNUSED_FUNCTION = YES;
				GCC_WARN_UNUSED_VARIABLE = YES;
				IPHONEOS_DEPLOYMENT_TARGET = 11.3;
				MTL_ENABLE_DEBUG_INFO = YES;
				ONLY_ACTIVE_ARCH = YES;
				SDKROOT = iphoneos;
				SWIFT_ACTIVE_COMPILATION_CONDITIONS = DEBUG;
				SWIFT_OPTIMIZATION_LEVEL = "-Onone";
			};
			name = Debug;
		};
		724601D120D13892000F0BDA /* Release */ = {
			isa = XCBuildConfiguration;
			buildSettings = {
				ALWAYS_SEARCH_USER_PATHS = NO;
				CLANG_ANALYZER_NONNULL = YES;
				CLANG_ANALYZER_NUMBER_OBJECT_CONVERSION = YES_AGGRESSIVE;
				CLANG_CXX_LANGUAGE_STANDARD = "gnu++14";
				CLANG_CXX_LIBRARY = "libc++";
				CLANG_ENABLE_MODULES = YES;
				CLANG_ENABLE_OBJC_ARC = YES;
				CLANG_ENABLE_OBJC_WEAK = YES;
				CLANG_WARN_BLOCK_CAPTURE_AUTORELEASING = YES;
				CLANG_WARN_BOOL_CONVERSION = YES;
				CLANG_WARN_COMMA = YES;
				CLANG_WARN_CONSTANT_CONVERSION = YES;
				CLANG_WARN_DEPRECATED_OBJC_IMPLEMENTATIONS = YES;
				CLANG_WARN_DIRECT_OBJC_ISA_USAGE = YES_ERROR;
				CLANG_WARN_DOCUMENTATION_COMMENTS = YES;
				CLANG_WARN_EMPTY_BODY = YES;
				CLANG_WARN_ENUM_CONVERSION = YES;
				CLANG_WARN_INFINITE_RECURSION = YES;
				CLANG_WARN_INT_CONVERSION = YES;
				CLANG_WARN_NON_LITERAL_NULL_CONVERSION = YES;
				CLANG_WARN_OBJC_IMPLICIT_RETAIN_SELF = YES;
				CLANG_WARN_OBJC_LITERAL_CONVERSION = YES;
				CLANG_WARN_OBJC_ROOT_CLASS = YES_ERROR;
				CLANG_WARN_RANGE_LOOP_ANALYSIS = YES;
				CLANG_WARN_STRICT_PROTOTYPES = YES;
				CLANG_WARN_SUSPICIOUS_MOVE = YES;
				CLANG_WARN_UNGUARDED_AVAILABILITY = YES_AGGRESSIVE;
				CLANG_WARN_UNREACHABLE_CODE = YES;
				CLANG_WARN__DUPLICATE_METHOD_MATCH = YES;
				CODE_SIGN_IDENTITY = "iPhone Developer";
				COPY_PHASE_STRIP = NO;
				DEBUG_INFORMATION_FORMAT = "dwarf-with-dsym";
				ENABLE_NS_ASSERTIONS = NO;
				ENABLE_STRICT_OBJC_MSGSEND = YES;
				GCC_C_LANGUAGE_STANDARD = gnu11;
				GCC_NO_COMMON_BLOCKS = YES;
				GCC_WARN_64_TO_32_BIT_CONVERSION = YES;
				GCC_WARN_ABOUT_RETURN_TYPE = YES_ERROR;
				GCC_WARN_UNDECLARED_SELECTOR = YES;
				GCC_WARN_UNINITIALIZED_AUTOS = YES_AGGRESSIVE;
				GCC_WARN_UNUSED_FUNCTION = YES;
				GCC_WARN_UNUSED_VARIABLE = YES;
				IPHONEOS_DEPLOYMENT_TARGET = 11.3;
				MTL_ENABLE_DEBUG_INFO = NO;
				SDKROOT = iphoneos;
				SWIFT_COMPILATION_MODE = wholemodule;
				SWIFT_OPTIMIZATION_LEVEL = "-O";
				VALIDATE_PRODUCT = YES;
			};
			name = Release;
		};
		724601D320D13892000F0BDA /* Debug */ = {
			isa = XCBuildConfiguration;
			buildSettings = {
				ASSETCATALOG_COMPILER_APPICON_NAME = AppIcon;
				CODE_SIGN_STYLE = Automatic;
				INFOPLIST_FILE = StylesAndOptions/Info.plist;
				LD_RUNPATH_SEARCH_PATHS = (
					"$(inherited)",
					"@executable_path/Frameworks",
				);
				PRODUCT_BUNDLE_IDENTIFIER = com.izettle.StylesAndOptions;
				PRODUCT_NAME = "$(TARGET_NAME)";
				SWIFT_VERSION = 4.0;
				TARGETED_DEVICE_FAMILY = "1,2";
			};
			name = Debug;
		};
		724601D420D13892000F0BDA /* Release */ = {
			isa = XCBuildConfiguration;
			buildSettings = {
				ASSETCATALOG_COMPILER_APPICON_NAME = AppIcon;
				CODE_SIGN_STYLE = Automatic;
				INFOPLIST_FILE = StylesAndOptions/Info.plist;
				LD_RUNPATH_SEARCH_PATHS = (
					"$(inherited)",
					"@executable_path/Frameworks",
				);
				PRODUCT_BUNDLE_IDENTIFIER = com.izettle.StylesAndOptions;
				PRODUCT_NAME = "$(TARGET_NAME)";
				SWIFT_VERSION = 4.0;
				TARGETED_DEVICE_FAMILY = "1,2";
			};
			name = Release;
		};
		724601D620D13892000F0BDA /* Debug */ = {
			isa = XCBuildConfiguration;
			buildSettings = {
				ALWAYS_EMBED_SWIFT_STANDARD_LIBRARIES = YES;
				CODE_SIGN_STYLE = Automatic;
				INFOPLIST_FILE = StylesAndOptionsUITests/Info.plist;
				LD_RUNPATH_SEARCH_PATHS = (
					"$(inherited)",
					"@executable_path/Frameworks",
					"@loader_path/Frameworks",
				);
				PRODUCT_BUNDLE_IDENTIFIER = com.izettle.StylesAndOptionsUITests;
				PRODUCT_NAME = "$(TARGET_NAME)";
				SWIFT_VERSION = 4.0;
				TARGETED_DEVICE_FAMILY = "1,2";
				TEST_TARGET_NAME = StylesAndOptions;
			};
			name = Debug;
		};
		724601D720D13892000F0BDA /* Release */ = {
			isa = XCBuildConfiguration;
			buildSettings = {
				ALWAYS_EMBED_SWIFT_STANDARD_LIBRARIES = YES;
				CODE_SIGN_STYLE = Automatic;
				INFOPLIST_FILE = StylesAndOptionsUITests/Info.plist;
				LD_RUNPATH_SEARCH_PATHS = (
					"$(inherited)",
					"@executable_path/Frameworks",
					"@loader_path/Frameworks",
				);
				PRODUCT_BUNDLE_IDENTIFIER = com.izettle.StylesAndOptionsUITests;
				PRODUCT_NAME = "$(TARGET_NAME)";
				SWIFT_VERSION = 4.0;
				TARGETED_DEVICE_FAMILY = "1,2";
				TEST_TARGET_NAME = StylesAndOptions;
			};
			name = Release;
		};
/* End XCBuildConfiguration section */

/* Begin XCConfigurationList section */
		724601B020D13890000F0BDA /* Build configuration list for PBXProject "StylesAndOptions" */ = {
			isa = XCConfigurationList;
			buildConfigurations = (
				724601D020D13892000F0BDA /* Debug */,
				724601D120D13892000F0BDA /* Release */,
			);
			defaultConfigurationIsVisible = 0;
			defaultConfigurationName = Release;
		};
		724601D220D13892000F0BDA /* Build configuration list for PBXNativeTarget "StylesAndOptions" */ = {
			isa = XCConfigurationList;
			buildConfigurations = (
				724601D320D13892000F0BDA /* Debug */,
				724601D420D13892000F0BDA /* Release */,
			);
			defaultConfigurationIsVisible = 0;
			defaultConfigurationName = Release;
		};
		724601D520D13892000F0BDA /* Build configuration list for PBXNativeTarget "StylesAndOptionsUITests" */ = {
			isa = XCConfigurationList;
			buildConfigurations = (
				724601D620D13892000F0BDA /* Debug */,
				724601D720D13892000F0BDA /* Release */,
			);
			defaultConfigurationIsVisible = 0;
			defaultConfigurationName = Release;
		};
/* End XCConfigurationList section */
	};
	rootObject = 724601AD20D13890000F0BDA /* Project object */;
}
