// !$*UTF8*$!
{
	archiveVersion = 1;
	classes = {
	};
	objectVersion = 46;
	objects = {

/* Begin PBXBuildFile section */
		1C0656EB1F8290CB00E60465 /* MemoryUtils.swift in Sources */ = {isa = PBXBuildFile; fileRef = 1C0656EA1F8290CB00E60465 /* MemoryUtils.swift */; };
		1C0656ED1F8393C100E60465 /* MemoryUtilsTests.swift in Sources */ = {isa = PBXBuildFile; fileRef = 1C0656EC1F8393C100E60465 /* MemoryUtilsTests.swift */; };
		2177C8F31D897360000DECA4 /* Presentable.swift in Sources */ = {isa = PBXBuildFile; fileRef = 2177C8F21D897360000DECA4 /* Presentable.swift */; };
		722FE3B622EA357A00EB04A7 /* CustomAdaptivePresentationDelegate.swift in Sources */ = {isa = PBXBuildFile; fileRef = 722FE3B522EA357A00EB04A7 /* CustomAdaptivePresentationDelegate.swift */; };
		728711A2229818B700A086DF /* PresentationEvent.swift in Sources */ = {isa = PBXBuildFile; fileRef = 728711A1229818B700A086DF /* PresentationEvent.swift */; };
		F617E3991C197D7600B567FB /* UIViewController+Presentation.swift in Sources */ = {isa = PBXBuildFile; fileRef = F617E3981C197D7600B567FB /* UIViewController+Presentation.swift */; };
		F646BEDB1C85CF5400AA7526 /* Alert.swift in Sources */ = {isa = PBXBuildFile; fileRef = F646BEDA1C85CF5400AA7526 /* Alert.swift */; };
		F65D5DC11C58C421002B5D95 /* DualNavigationControllersSplitDelegate.swift in Sources */ = {isa = PBXBuildFile; fileRef = F65D5DC01C58C421002B5D95 /* DualNavigationControllersSplitDelegate.swift */; };
		F65D5DC71C58C546002B5D95 /* PresentingViewController.swift in Sources */ = {isa = PBXBuildFile; fileRef = F65D5DC61C58C546002B5D95 /* PresentingViewController.swift */; };
		F66292A0206911BA00DDE0DF /* UISplitViewController+Presenting.swift in Sources */ = {isa = PBXBuildFile; fileRef = F662929D206911BA00DDE0DF /* UISplitViewController+Presenting.swift */; };
		F66292A1206911BA00DDE0DF /* UINavigationController+Presenting.swift in Sources */ = {isa = PBXBuildFile; fileRef = F662929F206911BA00DDE0DF /* UINavigationController+Presenting.swift */; };
		F666095F1F84C9A0004F2055 /* AssociatedValues.swift in Sources */ = {isa = PBXBuildFile; fileRef = F666095C1F84C9A0004F2055 /* AssociatedValues.swift */; };
		F669340A1E79384400F83529 /* PresentationStyle.swift in Sources */ = {isa = PBXBuildFile; fileRef = F66934091E79384400F83529 /* PresentationStyle.swift */; };
		F669340E1E7939E000F83529 /* PresentationOptions.swift in Sources */ = {isa = PBXBuildFile; fileRef = F669340D1E7939E000F83529 /* PresentationOptions.swift */; };
		F68A43C81C8047DB0097D483 /* UINavigationController+Signals.swift in Sources */ = {isa = PBXBuildFile; fileRef = F68A43C71C8047DB0097D483 /* UINavigationController+Signals.swift */; };
		F68AF6061F30AB6F009C28A9 /* MasterDetailSelection.swift in Sources */ = {isa = PBXBuildFile; fileRef = F68AF6051F30AB6F009C28A9 /* MasterDetailSelection.swift */; };
		F6A2D4981EA9DF3B00C93D9A /* Presentation.swift in Sources */ = {isa = PBXBuildFile; fileRef = F6A2D4971EA9DF3B00C93D9A /* Presentation.swift */; };
		F6B3B6FC1F398E1B00188409 /* KeepSelection.swift in Sources */ = {isa = PBXBuildFile; fileRef = F6B3B6FB1F398E1B00188409 /* KeepSelection.swift */; };
		F6B3B74F1F39977000188409 /* KeepSelectionTests.swift in Sources */ = {isa = PBXBuildFile; fileRef = F6B3B74D1F39977000188409 /* KeepSelectionTests.swift */; };
		F6B3B7501F39977000188409 /* MasterDetailSelectionTests.swift in Sources */ = {isa = PBXBuildFile; fileRef = F6B3B74E1F39977000188409 /* MasterDetailSelectionTests.swift */; };
		F6CB32A11F2F399600CA56C2 /* Presentation.framework in Frameworks */ = {isa = PBXBuildFile; fileRef = F617E3751C197D5E00B567FB /* Presentation.framework */; };
		F6DCDD041EC83F9D00ED39F6 /* AnyPresentation.swift in Sources */ = {isa = PBXBuildFile; fileRef = F6DCDD031EC83F9D00ED39F6 /* AnyPresentation.swift */; };
		F6EA2D251E72D73B0054C302 /* DismissInstallable.swift in Sources */ = {isa = PBXBuildFile; fileRef = F6EA2D241E72D73B0054C302 /* DismissInstallable.swift */; };
/* End PBXBuildFile section */

/* Begin PBXContainerItemProxy section */
		F6CB32A21F2F399600CA56C2 /* PBXContainerItemProxy */ = {
			isa = PBXContainerItemProxy;
			containerPortal = F617E36C1C197D5E00B567FB /* Project object */;
			proxyType = 1;
			remoteGlobalIDString = F617E3741C197D5E00B567FB;
			remoteInfo = Presentation;
		};
/* End PBXContainerItemProxy section */

/* Begin PBXFileReference section */
		1C0656EA1F8290CB00E60465 /* MemoryUtils.swift */ = {isa = PBXFileReference; lastKnownFileType = sourcecode.swift; path = MemoryUtils.swift; sourceTree = "<group>"; };
		1C0656EC1F8393C100E60465 /* MemoryUtilsTests.swift */ = {isa = PBXFileReference; lastKnownFileType = sourcecode.swift; path = MemoryUtilsTests.swift; sourceTree = "<group>"; };
		2177C8F21D897360000DECA4 /* Presentable.swift */ = {isa = PBXFileReference; fileEncoding = 4; lastKnownFileType = sourcecode.swift; path = Presentable.swift; sourceTree = "<group>"; };
		722FE3B522EA357A00EB04A7 /* CustomAdaptivePresentationDelegate.swift */ = {isa = PBXFileReference; fileEncoding = 4; lastKnownFileType = sourcecode.swift; path = CustomAdaptivePresentationDelegate.swift; sourceTree = "<group>"; };
		728711A1229818B700A086DF /* PresentationEvent.swift */ = {isa = PBXFileReference; fileEncoding = 4; lastKnownFileType = sourcecode.swift; path = PresentationEvent.swift; sourceTree = "<group>"; };
		B38092B720A9B718009D8302 /* Flow.framework */ = {isa = PBXFileReference; lastKnownFileType = wrapper.framework; name = Flow.framework; path = Carthage/Build/iOS/Flow.framework; sourceTree = "<group>"; };
		F617E3751C197D5E00B567FB /* Presentation.framework */ = {isa = PBXFileReference; explicitFileType = wrapper.framework; includeInIndex = 0; path = Presentation.framework; sourceTree = BUILT_PRODUCTS_DIR; };
		F617E37A1C197D5E00B567FB /* Info.plist */ = {isa = PBXFileReference; lastKnownFileType = text.plist.xml; path = Info.plist; sourceTree = "<group>"; };
		F617E3981C197D7600B567FB /* UIViewController+Presentation.swift */ = {isa = PBXFileReference; fileEncoding = 4; lastKnownFileType = sourcecode.swift; lineEnding = 0; path = "UIViewController+Presentation.swift"; sourceTree = "<group>"; };
		F646BEDA1C85CF5400AA7526 /* Alert.swift */ = {isa = PBXFileReference; fileEncoding = 4; lastKnownFileType = sourcecode.swift; lineEnding = 0; path = Alert.swift; sourceTree = "<group>"; xcLanguageSpecificationIdentifier = xcode.lang.swift; };
		F65D5DC01C58C421002B5D95 /* DualNavigationControllersSplitDelegate.swift */ = {isa = PBXFileReference; fileEncoding = 4; lastKnownFileType = sourcecode.swift; path = DualNavigationControllersSplitDelegate.swift; sourceTree = "<group>"; };
		F65D5DC61C58C546002B5D95 /* PresentingViewController.swift */ = {isa = PBXFileReference; fileEncoding = 4; lastKnownFileType = sourcecode.swift; lineEnding = 0; path = PresentingViewController.swift; sourceTree = "<group>"; xcLanguageSpecificationIdentifier = xcode.lang.swift; };
		F662929D206911BA00DDE0DF /* UISplitViewController+Presenting.swift */ = {isa = PBXFileReference; fileEncoding = 4; lastKnownFileType = sourcecode.swift; path = "UISplitViewController+Presenting.swift"; sourceTree = "<group>"; };
		F662929F206911BA00DDE0DF /* UINavigationController+Presenting.swift */ = {isa = PBXFileReference; fileEncoding = 4; lastKnownFileType = sourcecode.swift; path = "UINavigationController+Presenting.swift"; sourceTree = "<group>"; };
		F666095C1F84C9A0004F2055 /* AssociatedValues.swift */ = {isa = PBXFileReference; lastKnownFileType = sourcecode.swift; path = AssociatedValues.swift; sourceTree = "<group>"; };
		F66934091E79384400F83529 /* PresentationStyle.swift */ = {isa = PBXFileReference; fileEncoding = 4; lastKnownFileType = sourcecode.swift; path = PresentationStyle.swift; sourceTree = "<group>"; };
		F669340D1E7939E000F83529 /* PresentationOptions.swift */ = {isa = PBXFileReference; fileEncoding = 4; lastKnownFileType = sourcecode.swift; path = PresentationOptions.swift; sourceTree = "<group>"; };
		F68A43C71C8047DB0097D483 /* UINavigationController+Signals.swift */ = {isa = PBXFileReference; fileEncoding = 4; lastKnownFileType = sourcecode.swift; path = "UINavigationController+Signals.swift"; sourceTree = "<group>"; };
		F68AF6051F30AB6F009C28A9 /* MasterDetailSelection.swift */ = {isa = PBXFileReference; fileEncoding = 4; lastKnownFileType = sourcecode.swift; path = MasterDetailSelection.swift; sourceTree = "<group>"; };
		F6A2D4971EA9DF3B00C93D9A /* Presentation.swift */ = {isa = PBXFileReference; fileEncoding = 4; lastKnownFileType = sourcecode.swift; path = Presentation.swift; sourceTree = "<group>"; };
		F6B3B6FB1F398E1B00188409 /* KeepSelection.swift */ = {isa = PBXFileReference; fileEncoding = 4; lastKnownFileType = sourcecode.swift; path = KeepSelection.swift; sourceTree = "<group>"; };
		F6B3B74D1F39977000188409 /* KeepSelectionTests.swift */ = {isa = PBXFileReference; fileEncoding = 4; lastKnownFileType = sourcecode.swift; path = KeepSelectionTests.swift; sourceTree = "<group>"; };
		F6B3B74E1F39977000188409 /* MasterDetailSelectionTests.swift */ = {isa = PBXFileReference; fileEncoding = 4; lastKnownFileType = sourcecode.swift; path = MasterDetailSelectionTests.swift; sourceTree = "<group>"; };
		F6C208D6209B3CC00068A5F3 /* CHANGELOG.md */ = {isa = PBXFileReference; lastKnownFileType = net.daringfireball.markdown; path = CHANGELOG.md; sourceTree = "<group>"; };
		F6C208D9209B3CC00068A5F3 /* LICENSE.md */ = {isa = PBXFileReference; lastKnownFileType = net.daringfireball.markdown; path = LICENSE.md; sourceTree = "<group>"; };
		F6C208DA209B3CC00068A5F3 /* PresentationFramework.podspec */ = {isa = PBXFileReference; lastKnownFileType = text; path = PresentationFramework.podspec; sourceTree = "<group>"; };
		F6C2E6121C6A0EE700453548 /* README.md */ = {isa = PBXFileReference; lastKnownFileType = net.daringfireball.markdown; path = README.md; sourceTree = "<group>"; };
		F6CB329C1F2F399600CA56C2 /* PresentationTests.xctest */ = {isa = PBXFileReference; explicitFileType = wrapper.cfbundle; includeInIndex = 0; path = PresentationTests.xctest; sourceTree = BUILT_PRODUCTS_DIR; };
		F6CB32A01F2F399600CA56C2 /* Info.plist */ = {isa = PBXFileReference; lastKnownFileType = text.plist.xml; path = Info.plist; sourceTree = "<group>"; };
		F6DCDD031EC83F9D00ED39F6 /* AnyPresentation.swift */ = {isa = PBXFileReference; fileEncoding = 4; lastKnownFileType = sourcecode.swift; path = AnyPresentation.swift; sourceTree = "<group>"; };
		F6EA2D241E72D73B0054C302 /* DismissInstallable.swift */ = {isa = PBXFileReference; fileEncoding = 4; lastKnownFileType = sourcecode.swift; path = DismissInstallable.swift; sourceTree = "<group>"; };
		F6F6796920A2CEC0004C7AA7 /* Cartfile */ = {isa = PBXFileReference; lastKnownFileType = text; path = Cartfile; sourceTree = "<group>"; };
/* End PBXFileReference section */

/* Begin PBXFrameworksBuildPhase section */
		F617E3711C197D5E00B567FB /* Frameworks */ = {
			isa = PBXFrameworksBuildPhase;
			buildActionMask = 2147483647;
			files = (
			);
			runOnlyForDeploymentPostprocessing = 0;
		};
		F6CB32991F2F399600CA56C2 /* Frameworks */ = {
			isa = PBXFrameworksBuildPhase;
			buildActionMask = 2147483647;
			files = (
				F6CB32A11F2F399600CA56C2 /* Presentation.framework in Frameworks */,
			);
			runOnlyForDeploymentPostprocessing = 0;
		};
/* End PBXFrameworksBuildPhase section */

/* Begin PBXGroup section */
		F617E36B1C197D5E00B567FB = {
			isa = PBXGroup;
			children = (
				B38092B720A9B718009D8302 /* Flow.framework */,
				F6C2E6121C6A0EE700453548 /* README.md */,
				F6C208D6209B3CC00068A5F3 /* CHANGELOG.md */,
				F6C208D9209B3CC00068A5F3 /* LICENSE.md */,
				F6C208DA209B3CC00068A5F3 /* PresentationFramework.podspec */,
				F6F6796920A2CEC0004C7AA7 /* Cartfile */,
				F617E3771C197D5E00B567FB /* Presentation */,
				F6CB329D1F2F399600CA56C2 /* PresentationTests */,
				F617E3761C197D5E00B567FB /* Products */,
			);
			sourceTree = "<group>";
		};
		F617E3761C197D5E00B567FB /* Products */ = {
			isa = PBXGroup;
			children = (
				F617E3751C197D5E00B567FB /* Presentation.framework */,
				F6CB329C1F2F399600CA56C2 /* PresentationTests.xctest */,
			);
			name = Products;
			sourceTree = "<group>";
		};
		F617E3771C197D5E00B567FB /* Presentation */ = {
			isa = PBXGroup;
			children = (
				2177C8F21D897360000DECA4 /* Presentable.swift */,
				F6DCDD031EC83F9D00ED39F6 /* AnyPresentation.swift */,
				F66934091E79384400F83529 /* PresentationStyle.swift */,
				F669340D1E7939E000F83529 /* PresentationOptions.swift */,
				F617E3981C197D7600B567FB /* UIViewController+Presentation.swift */,
				722FE3B522EA357A00EB04A7 /* CustomAdaptivePresentationDelegate.swift */,
				F6A2D4971EA9DF3B00C93D9A /* Presentation.swift */,
				728711A1229818B700A086DF /* PresentationEvent.swift */,
				F65D5DC61C58C546002B5D95 /* PresentingViewController.swift */,
				F662929F206911BA00DDE0DF /* UINavigationController+Presenting.swift */,
				F68A43C71C8047DB0097D483 /* UINavigationController+Signals.swift */,
				F662929D206911BA00DDE0DF /* UISplitViewController+Presenting.swift */,
				F65D5DC01C58C421002B5D95 /* DualNavigationControllersSplitDelegate.swift */,
				F6EA2D241E72D73B0054C302 /* DismissInstallable.swift */,
				F6B3B6FB1F398E1B00188409 /* KeepSelection.swift */,
				F68AF6051F30AB6F009C28A9 /* MasterDetailSelection.swift */,
				F646BEDA1C85CF5400AA7526 /* Alert.swift */,
				F666095C1F84C9A0004F2055 /* AssociatedValues.swift */,
				1C0656EA1F8290CB00E60465 /* MemoryUtils.swift */,
				F617E37A1C197D5E00B567FB /* Info.plist */,
			);
			path = Presentation;
			sourceTree = "<group>";
		};
		F6CB329D1F2F399600CA56C2 /* PresentationTests */ = {
			isa = PBXGroup;
			children = (
				F6B3B74D1F39977000188409 /* KeepSelectionTests.swift */,
				F6B3B74E1F39977000188409 /* MasterDetailSelectionTests.swift */,
				F6CB32A01F2F399600CA56C2 /* Info.plist */,
				1C0656EC1F8393C100E60465 /* MemoryUtilsTests.swift */,
			);
			path = PresentationTests;
			sourceTree = "<group>";
		};
/* End PBXGroup section */

/* Begin PBXHeadersBuildPhase section */
		F617E3721C197D5E00B567FB /* Headers */ = {
			isa = PBXHeadersBuildPhase;
			buildActionMask = 2147483647;
			files = (
			);
			runOnlyForDeploymentPostprocessing = 0;
		};
/* End PBXHeadersBuildPhase section */

/* Begin PBXNativeTarget section */
		F617E3741C197D5E00B567FB /* Presentation */ = {
			isa = PBXNativeTarget;
			buildConfigurationList = F617E3891C197D5E00B567FB /* Build configuration list for PBXNativeTarget "Presentation" */;
			buildPhases = (
				F617E3701C197D5E00B567FB /* Sources */,
				F617E3711C197D5E00B567FB /* Frameworks */,
				F617E3721C197D5E00B567FB /* Headers */,
				F617E3731C197D5E00B567FB /* Resources */,
				ED7163CE2189BD9D008AD729 /* ShellScript */,
			);
			buildRules = (
			);
			dependencies = (
			);
			name = Presentation;
			productName = Presentation;
			productReference = F617E3751C197D5E00B567FB /* Presentation.framework */;
			productType = "com.apple.product-type.framework";
		};
		F6CB329B1F2F399600CA56C2 /* PresentationTests */ = {
			isa = PBXNativeTarget;
			buildConfigurationList = F6CB32A81F2F399600CA56C2 /* Build configuration list for PBXNativeTarget "PresentationTests" */;
			buildPhases = (
				F6CB32981F2F399600CA56C2 /* Sources */,
				F6CB32991F2F399600CA56C2 /* Frameworks */,
				F6CB329A1F2F399600CA56C2 /* Resources */,
				F6E6FE3820A9C522001CBB2C /* ShellScript */,
			);
			buildRules = (
			);
			dependencies = (
				F6CB32A31F2F399600CA56C2 /* PBXTargetDependency */,
			);
			name = PresentationTests;
			productName = PresentationTests;
			productReference = F6CB329C1F2F399600CA56C2 /* PresentationTests.xctest */;
			productType = "com.apple.product-type.bundle.unit-test";
		};
/* End PBXNativeTarget section */

/* Begin PBXProject section */
		F617E36C1C197D5E00B567FB /* Project object */ = {
			isa = PBXProject;
			attributes = {
				LastSwiftUpdateCheck = 0830;
				LastUpgradeCheck = 1020;
				ORGANIZATIONNAME = iZettle;
				TargetAttributes = {
					F617E3741C197D5E00B567FB = {
						CreatedOnToolsVersion = 7.2;
						DevelopmentTeam = G94FN7ACW4;
						LastSwiftMigration = 1020;
						ProvisioningStyle = Manual;
					};
					F6CB329B1F2F399600CA56C2 = {
						CreatedOnToolsVersion = 8.3.3;
						LastSwiftMigration = 1020;
						ProvisioningStyle = Automatic;
					};
				};
			};
			buildConfigurationList = F617E36F1C197D5E00B567FB /* Build configuration list for PBXProject "Presentation" */;
			compatibilityVersion = "Xcode 3.2";
			developmentRegion = en;
			hasScannedForEncodings = 0;
			knownRegions = (
				en,
				Base,
			);
			mainGroup = F617E36B1C197D5E00B567FB;
			productRefGroup = F617E3761C197D5E00B567FB /* Products */;
			projectDirPath = "";
			projectRoot = "";
			targets = (
				F617E3741C197D5E00B567FB /* Presentation */,
				F6CB329B1F2F399600CA56C2 /* PresentationTests */,
			);
		};
/* End PBXProject section */

/* Begin PBXResourcesBuildPhase section */
		F617E3731C197D5E00B567FB /* Resources */ = {
			isa = PBXResourcesBuildPhase;
			buildActionMask = 2147483647;
			files = (
			);
			runOnlyForDeploymentPostprocessing = 0;
		};
		F6CB329A1F2F399600CA56C2 /* Resources */ = {
			isa = PBXResourcesBuildPhase;
			buildActionMask = 2147483647;
			files = (
			);
			runOnlyForDeploymentPostprocessing = 0;
		};
/* End PBXResourcesBuildPhase section */

/* Begin PBXShellScriptBuildPhase section */
		ED7163CE2189BD9D008AD729 /* ShellScript */ = {
			isa = PBXShellScriptBuildPhase;
			buildActionMask = 2147483647;
			files = (
			);
			inputFileListPaths = (
			);
			inputPaths = (
			);
			outputFileListPaths = (
			);
			outputPaths = (
			);
			runOnlyForDeploymentPostprocessing = 0;
			shellPath = /bin/sh;
			shellScript = "if which swiftlint >/dev/null; then\nswiftlint\nelse\necho \"warning: SwiftLint not installed, download from https://github.com/realm/SwiftLint\"\nfi\n";
		};
		F6E6FE3820A9C522001CBB2C /* ShellScript */ = {
			isa = PBXShellScriptBuildPhase;
			buildActionMask = 2147483647;
			files = (
			);
			inputPaths = (
				"$(SRCROOT)/Carthage/Build/iOS/Flow.framework",
			);
			outputPaths = (
				"$(DERIVED_FILE_DIR)/",
			);
			runOnlyForDeploymentPostprocessing = 0;
			shellPath = /bin/sh;
			shellScript = "/usr/local/bin/carthage copy-frameworks";
		};
/* End PBXShellScriptBuildPhase section */

/* Begin PBXSourcesBuildPhase section */
		F617E3701C197D5E00B567FB /* Sources */ = {
			isa = PBXSourcesBuildPhase;
			buildActionMask = 2147483647;
			files = (
				F65D5DC11C58C421002B5D95 /* DualNavigationControllersSplitDelegate.swift in Sources */,
				F68A43C81C8047DB0097D483 /* UINavigationController+Signals.swift in Sources */,
				F6A2D4981EA9DF3B00C93D9A /* Presentation.swift in Sources */,
				F617E3991C197D7600B567FB /* UIViewController+Presentation.swift in Sources */,
				F66292A1206911BA00DDE0DF /* UINavigationController+Presenting.swift in Sources */,
				F669340E1E7939E000F83529 /* PresentationOptions.swift in Sources */,
				722FE3B622EA357A00EB04A7 /* CustomAdaptivePresentationDelegate.swift in Sources */,
				F68AF6061F30AB6F009C28A9 /* MasterDetailSelection.swift in Sources */,
				1C0656EB1F8290CB00E60465 /* MemoryUtils.swift in Sources */,
				F6B3B6FC1F398E1B00188409 /* KeepSelection.swift in Sources */,
				F6EA2D251E72D73B0054C302 /* DismissInstallable.swift in Sources */,
				728711A2229818B700A086DF /* PresentationEvent.swift in Sources */,
				F66292A0206911BA00DDE0DF /* UISplitViewController+Presenting.swift in Sources */,
				F666095F1F84C9A0004F2055 /* AssociatedValues.swift in Sources */,
				F65D5DC71C58C546002B5D95 /* PresentingViewController.swift in Sources */,
				F6DCDD041EC83F9D00ED39F6 /* AnyPresentation.swift in Sources */,
				F669340A1E79384400F83529 /* PresentationStyle.swift in Sources */,
				2177C8F31D897360000DECA4 /* Presentable.swift in Sources */,
				F646BEDB1C85CF5400AA7526 /* Alert.swift in Sources */,
			);
			runOnlyForDeploymentPostprocessing = 0;
		};
		F6CB32981F2F399600CA56C2 /* Sources */ = {
			isa = PBXSourcesBuildPhase;
			buildActionMask = 2147483647;
			files = (
				F6B3B74F1F39977000188409 /* KeepSelectionTests.swift in Sources */,
				1C0656ED1F8393C100E60465 /* MemoryUtilsTests.swift in Sources */,
				F6B3B7501F39977000188409 /* MasterDetailSelectionTests.swift in Sources */,
			);
			runOnlyForDeploymentPostprocessing = 0;
		};
/* End PBXSourcesBuildPhase section */

/* Begin PBXTargetDependency section */
		F6CB32A31F2F399600CA56C2 /* PBXTargetDependency */ = {
			isa = PBXTargetDependency;
			target = F617E3741C197D5E00B567FB /* Presentation */;
			targetProxy = F6CB32A21F2F399600CA56C2 /* PBXContainerItemProxy */;
		};
/* End PBXTargetDependency section */

/* Begin XCBuildConfiguration section */
		F617E3871C197D5E00B567FB /* Debug */ = {
			isa = XCBuildConfiguration;
			buildSettings = {
				ALWAYS_SEARCH_USER_PATHS = NO;
				CLANG_CXX_LANGUAGE_STANDARD = "gnu++0x";
				CLANG_CXX_LIBRARY = "libc++";
				CLANG_ENABLE_MODULES = YES;
				CLANG_ENABLE_OBJC_ARC = YES;
				CLANG_WARN_BLOCK_CAPTURE_AUTORELEASING = YES;
				CLANG_WARN_BOOL_CONVERSION = YES;
				CLANG_WARN_COMMA = YES;
				CLANG_WARN_CONSTANT_CONVERSION = YES;
				CLANG_WARN_DEPRECATED_OBJC_IMPLEMENTATIONS = YES;
				CLANG_WARN_DIRECT_OBJC_ISA_USAGE = YES_ERROR;
				CLANG_WARN_EMPTY_BODY = YES;
				CLANG_WARN_ENUM_CONVERSION = YES;
				CLANG_WARN_INFINITE_RECURSION = YES;
				CLANG_WARN_INT_CONVERSION = YES;
				CLANG_WARN_NON_LITERAL_NULL_CONVERSION = YES;
				CLANG_WARN_OBJC_IMPLICIT_RETAIN_SELF = YES;
				CLANG_WARN_OBJC_LITERAL_CONVERSION = YES;
				CLANG_WARN_OBJC_ROOT_CLASS = YES_ERROR;
				CLANG_WARN_RANGE_LOOP_ANALYSIS = YES;
				CLANG_WARN_STRICT_PROTOTYPES = YES;
				CLANG_WARN_SUSPICIOUS_MOVE = YES;
				CLANG_WARN_UNREACHABLE_CODE = YES;
				CLANG_WARN__DUPLICATE_METHOD_MATCH = YES;
				COPY_PHASE_STRIP = NO;
				CURRENT_PROJECT_VERSION = 1;
				DEBUG_INFORMATION_FORMAT = dwarf;
				ENABLE_STRICT_OBJC_MSGSEND = YES;
				ENABLE_TESTABILITY = YES;
				GCC_C_LANGUAGE_STANDARD = gnu99;
				GCC_DYNAMIC_NO_PIC = NO;
				GCC_NO_COMMON_BLOCKS = YES;
				GCC_OPTIMIZATION_LEVEL = 0;
				GCC_WARN_64_TO_32_BIT_CONVERSION = YES;
				GCC_WARN_ABOUT_RETURN_TYPE = YES_ERROR;
				GCC_WARN_UNDECLARED_SELECTOR = YES;
				GCC_WARN_UNINITIALIZED_AUTOS = YES_AGGRESSIVE;
				GCC_WARN_UNUSED_FUNCTION = YES;
				GCC_WARN_UNUSED_VARIABLE = YES;
				IPHONEOS_DEPLOYMENT_TARGET = 9.0;
				MTL_ENABLE_DEBUG_INFO = YES;
				ONLY_ACTIVE_ARCH = YES;
				SDKROOT = iphoneos;
				SWIFT_OPTIMIZATION_LEVEL = "-Onone";
				SWIFT_VERSION = 3.0;
				TARGETED_DEVICE_FAMILY = "1,2";
				VERSIONING_SYSTEM = "apple-generic";
				VERSION_INFO_PREFIX = "";
			};
			name = Debug;
		};
		F617E3881C197D5E00B567FB /* Release */ = {
			isa = XCBuildConfiguration;
			buildSettings = {
				ALWAYS_SEARCH_USER_PATHS = NO;
				CLANG_CXX_LANGUAGE_STANDARD = "gnu++0x";
				CLANG_CXX_LIBRARY = "libc++";
				CLANG_ENABLE_MODULES = YES;
				CLANG_ENABLE_OBJC_ARC = YES;
				CLANG_WARN_BLOCK_CAPTURE_AUTORELEASING = YES;
				CLANG_WARN_BOOL_CONVERSION = YES;
				CLANG_WARN_COMMA = YES;
				CLANG_WARN_CONSTANT_CONVERSION = YES;
				CLANG_WARN_DEPRECATED_OBJC_IMPLEMENTATIONS = YES;
				CLANG_WARN_DIRECT_OBJC_ISA_USAGE = YES_ERROR;
				CLANG_WARN_EMPTY_BODY = YES;
				CLANG_WARN_ENUM_CONVERSION = YES;
				CLANG_WARN_INFINITE_RECURSION = YES;
				CLANG_WARN_INT_CONVERSION = YES;
				CLANG_WARN_NON_LITERAL_NULL_CONVERSION = YES;
				CLANG_WARN_OBJC_IMPLICIT_RETAIN_SELF = YES;
				CLANG_WARN_OBJC_LITERAL_CONVERSION = YES;
				CLANG_WARN_OBJC_ROOT_CLASS = YES_ERROR;
				CLANG_WARN_RANGE_LOOP_ANALYSIS = YES;
				CLANG_WARN_STRICT_PROTOTYPES = YES;
				CLANG_WARN_SUSPICIOUS_MOVE = YES;
				CLANG_WARN_UNREACHABLE_CODE = YES;
				CLANG_WARN__DUPLICATE_METHOD_MATCH = YES;
				COPY_PHASE_STRIP = NO;
				CURRENT_PROJECT_VERSION = 1;
				DEBUG_INFORMATION_FORMAT = "dwarf-with-dsym";
				ENABLE_NS_ASSERTIONS = NO;
				ENABLE_STRICT_OBJC_MSGSEND = YES;
				GCC_C_LANGUAGE_STANDARD = gnu99;
				GCC_NO_COMMON_BLOCKS = YES;
				GCC_WARN_64_TO_32_BIT_CONVERSION = YES;
				GCC_WARN_ABOUT_RETURN_TYPE = YES_ERROR;
				GCC_WARN_UNDECLARED_SELECTOR = YES;
				GCC_WARN_UNINITIALIZED_AUTOS = YES_AGGRESSIVE;
				GCC_WARN_UNUSED_FUNCTION = YES;
				GCC_WARN_UNUSED_VARIABLE = YES;
				IPHONEOS_DEPLOYMENT_TARGET = 9.0;
				MTL_ENABLE_DEBUG_INFO = NO;
				SDKROOT = iphoneos;
				SWIFT_COMPILATION_MODE = wholemodule;
				SWIFT_VERSION = 3.0;
				TARGETED_DEVICE_FAMILY = "1,2";
				VALIDATE_PRODUCT = YES;
				VERSIONING_SYSTEM = "apple-generic";
				VERSION_INFO_PREFIX = "";
			};
			name = Release;
		};
		F617E38A1C197D5E00B567FB /* Debug */ = {
			isa = XCBuildConfiguration;
			buildSettings = {
				CLANG_ENABLE_MODULES = YES;
				DEFINES_MODULE = YES;
				DYLIB_COMPATIBILITY_VERSION = 1;
				DYLIB_CURRENT_VERSION = 1;
				DYLIB_INSTALL_NAME_BASE = "@rpath";
				FRAMEWORK_SEARCH_PATHS = "$(PROJECT_DIR)/Carthage/Build/iOS";
				INFOPLIST_FILE = Presentation/Info.plist;
				INSTALL_PATH = "$(LOCAL_LIBRARY_DIR)/Frameworks";
				LD_RUNPATH_SEARCH_PATHS = "$(inherited) @executable_path/Frameworks @loader_path/Frameworks";
				PRODUCT_BUNDLE_IDENTIFIER = com.iZettle.Presentation;
				PRODUCT_NAME = "$(TARGET_NAME)";
				SKIP_INSTALL = YES;
				SWIFT_ACTIVE_COMPILATION_CONDITIONS = DEBUG;
				SWIFT_VERSION = 5.0;
			};
			name = Debug;
		};
		F617E38B1C197D5E00B567FB /* Release */ = {
			isa = XCBuildConfiguration;
			buildSettings = {
				CLANG_ENABLE_MODULES = YES;
				DEFINES_MODULE = YES;
				DYLIB_COMPATIBILITY_VERSION = 1;
				DYLIB_CURRENT_VERSION = 1;
				DYLIB_INSTALL_NAME_BASE = "@rpath";
				FRAMEWORK_SEARCH_PATHS = "$(PROJECT_DIR)/Carthage/Build/iOS";
				INFOPLIST_FILE = Presentation/Info.plist;
				INSTALL_PATH = "$(LOCAL_LIBRARY_DIR)/Frameworks";
				LD_RUNPATH_SEARCH_PATHS = "$(inherited) @executable_path/Frameworks @loader_path/Frameworks";
				PRODUCT_BUNDLE_IDENTIFIER = com.iZettle.Presentation;
				PRODUCT_NAME = "$(TARGET_NAME)";
				SKIP_INSTALL = YES;
				SWIFT_VERSION = 5.0;
			};
			name = Release;
		};
		F6CB32A41F2F399600CA56C2 /* Debug */ = {
			isa = XCBuildConfiguration;
			buildSettings = {
				CLANG_ANALYZER_NONNULL = YES;
				CLANG_ANALYZER_NUMBER_OBJECT_CONVERSION = YES_AGGRESSIVE;
				CLANG_WARN_DOCUMENTATION_COMMENTS = YES;
				"CODE_SIGN_IDENTITY[sdk=iphoneos*]" = "iPhone Developer";
				FRAMEWORK_SEARCH_PATHS = "$(PROJECT_DIR)/Carthage/Build/iOS";
				GCC_OPTIMIZATION_LEVEL = 0;
				GCC_PREPROCESSOR_DEFINITIONS = (
					"DEBUG=1",
					"$(inherited)",
				);
				INFOPLIST_FILE = PresentationTests/Info.plist;
				LD_RUNPATH_SEARCH_PATHS = "$(inherited) @executable_path/Frameworks @loader_path/Frameworks";
				PRODUCT_BUNDLE_IDENTIFIER = com.izettle.PresentationTests;
				PRODUCT_NAME = "$(TARGET_NAME)";
				SWIFT_ACTIVE_COMPILATION_CONDITIONS = DEBUG;
				SWIFT_OPTIMIZATION_LEVEL = "-Onone";
				SWIFT_VERSION = 5.0;
			};
			name = Debug;
		};
		F6CB32A51F2F399600CA56C2 /* Release */ = {
			isa = XCBuildConfiguration;
			buildSettings = {
				CLANG_ANALYZER_NONNULL = YES;
				CLANG_ANALYZER_NUMBER_OBJECT_CONVERSION = YES_AGGRESSIVE;
				CLANG_WARN_DOCUMENTATION_COMMENTS = YES;
				"CODE_SIGN_IDENTITY[sdk=iphoneos*]" = "iPhone Developer";
				FRAMEWORK_SEARCH_PATHS = "$(PROJECT_DIR)/Carthage/Build/iOS";
				INFOPLIST_FILE = PresentationTests/Info.plist;
				LD_RUNPATH_SEARCH_PATHS = "$(inherited) @executable_path/Frameworks @loader_path/Frameworks";
				PRODUCT_BUNDLE_IDENTIFIER = com.izettle.PresentationTests;
				PRODUCT_NAME = "$(TARGET_NAME)";
				SWIFT_OPTIMIZATION_LEVEL = "-Owholemodule";
				SWIFT_VERSION = 5.0;
			};
			name = Release;
		};
/* End XCBuildConfiguration section */

/* Begin XCConfigurationList section */
		F617E36F1C197D5E00B567FB /* Build configuration list for PBXProject "Presentation" */ = {
			isa = XCConfigurationList;
			buildConfigurations = (
				F617E3871C197D5E00B567FB /* Debug */,
				F617E3881C197D5E00B567FB /* Release */,
			);
			defaultConfigurationIsVisible = 0;
			defaultConfigurationName = Release;
		};
		F617E3891C197D5E00B567FB /* Build configuration list for PBXNativeTarget "Presentation" */ = {
			isa = XCConfigurationList;
			buildConfigurations = (
				F617E38A1C197D5E00B567FB /* Debug */,
				F617E38B1C197D5E00B567FB /* Release */,
			);
			defaultConfigurationIsVisible = 0;
			defaultConfigurationName = Release;
		};
		F6CB32A81F2F399600CA56C2 /* Build configuration list for PBXNativeTarget "PresentationTests" */ = {
			isa = XCConfigurationList;
			buildConfigurations = (
				F6CB32A41F2F399600CA56C2 /* Debug */,
				F6CB32A51F2F399600CA56C2 /* Release */,
			);
			defaultConfigurationIsVisible = 0;
			defaultConfigurationName = Release;
		};
/* End XCConfigurationList section */
	};
	rootObject = F617E36C1C197D5E00B567FB /* Project object */;
}
